// !$*UTF8*$!
{
	archiveVersion = 1;
	classes = {
	};
	objectVersion = 46;
	objects = {

/* Begin PBXBuildFile section */
		A189A4081D86A427005543B1 /* ResultCell.m in Sources */ = {isa = PBXBuildFile; fileRef = A189A4071D86A427005543B1 /* ResultCell.m */; };
		A1D7479E1D8692D400016DFD /* AppDelegate.m in Sources */ = {isa = PBXBuildFile; fileRef = A1D747931D8692D400016DFD /* AppDelegate.m */; };
		A1D7479F1D8692D400016DFD /* Assets.xcassets in Resources */ = {isa = PBXBuildFile; fileRef = A1D747941D8692D400016DFD /* Assets.xcassets */; };
		A1D747A01D8692D400016DFD /* LaunchScreen.storyboard in Resources */ = {isa = PBXBuildFile; fileRef = A1D747951D8692D400016DFD /* LaunchScreen.storyboard */; };
		A1D747A11D8692D400016DFD /* Main.storyboard in Resources */ = {isa = PBXBuildFile; fileRef = A1D747971D8692D400016DFD /* Main.storyboard */; };
		A1D747A31D8692D400016DFD /* main.m in Sources */ = {isa = PBXBuildFile; fileRef = A1D7479A1D8692D400016DFD /* main.m */; };
		A1D747A41D8692D400016DFD /* ViewController.m in Sources */ = {isa = PBXBuildFile; fileRef = A1D7479D1D8692D400016DFD /* ViewController.m */; };
		A1D747A81D86931D00016DFD /* Default-568h@2x.png in Resources */ = {isa = PBXBuildFile; fileRef = A1D747A71D86931D00016DFD /* Default-568h@2x.png */; };
		A1D747AC1D8693D400016DFD /* ANKeyword.m in Sources */ = {isa = PBXBuildFile; fileRef = A1D747AB1D8693D400016DFD /* ANKeyword.m */; };
/* End PBXBuildFile section */

/* Begin PBXFileReference section */
		A189A4061D86A427005543B1 /* ResultCell.h */ = {isa = PBXFileReference; fileEncoding = 4; lastKnownFileType = sourcecode.c.h; path = ResultCell.h; sourceTree = "<group>"; };
		A189A4071D86A427005543B1 /* ResultCell.m */ = {isa = PBXFileReference; fileEncoding = 4; lastKnownFileType = sourcecode.c.objc; path = ResultCell.m; sourceTree = "<group>"; };
		A1D747761D86928D00016DFD /* ANKeywordDemo.app */ = {isa = PBXFileReference; explicitFileType = wrapper.application; includeInIndex = 0; path = ANKeywordDemo.app; sourceTree = BUILT_PRODUCTS_DIR; };
		A1D747921D8692D400016DFD /* AppDelegate.h */ = {isa = PBXFileReference; fileEncoding = 4; lastKnownFileType = sourcecode.c.h; path = AppDelegate.h; sourceTree = "<group>"; };
		A1D747931D8692D400016DFD /* AppDelegate.m */ = {isa = PBXFileReference; fileEncoding = 4; lastKnownFileType = sourcecode.c.objc; path = AppDelegate.m; sourceTree = "<group>"; };
		A1D747941D8692D400016DFD /* Assets.xcassets */ = {isa = PBXFileReference; lastKnownFileType = folder.assetcatalog; path = Assets.xcassets; sourceTree = "<group>"; };
		A1D747961D8692D400016DFD /* Base */ = {isa = PBXFileReference; lastKnownFileType = file.storyboard; name = Base; path = Base.lproj/LaunchScreen.storyboard; sourceTree = "<group>"; };
		A1D747981D8692D400016DFD /* Base */ = {isa = PBXFileReference; lastKnownFileType = file.storyboard; name = Base; path = Base.lproj/Main.storyboard; sourceTree = "<group>"; };
		A1D747991D8692D400016DFD /* Info.plist */ = {isa = PBXFileReference; fileEncoding = 4; lastKnownFileType = text.plist.xml; path = Info.plist; sourceTree = "<group>"; };
		A1D7479A1D8692D400016DFD /* main.m */ = {isa = PBXFileReference; fileEncoding = 4; lastKnownFileType = sourcecode.c.objc; path = main.m; sourceTree = "<group>"; };
		A1D7479C1D8692D400016DFD /* ViewController.h */ = {isa = PBXFileReference; fileEncoding = 4; lastKnownFileType = sourcecode.c.h; path = ViewController.h; sourceTree = "<group>"; };
		A1D7479D1D8692D400016DFD /* ViewController.m */ = {isa = PBXFileReference; fileEncoding = 4; lastKnownFileType = sourcecode.c.objc; path = ViewController.m; sourceTree = "<group>"; };
		A1D747A71D86931D00016DFD /* Default-568h@2x.png */ = {isa = PBXFileReference; lastKnownFileType = image.png; path = "Default-568h@2x.png"; sourceTree = "<group>"; };
		A1D747AA1D8693D400016DFD /* ANKeyword.h */ = {isa = PBXFileReference; fileEncoding = 4; lastKnownFileType = sourcecode.c.h; path = ANKeyword.h; sourceTree = "<group>"; };
		A1D747AB1D8693D400016DFD /* ANKeyword.m */ = {isa = PBXFileReference; fileEncoding = 4; lastKnownFileType = sourcecode.c.objc; path = ANKeyword.m; sourceTree = "<group>"; };
/* End PBXFileReference section */

/* Begin PBXFrameworksBuildPhase section */
		A1D747731D86928D00016DFD /* Frameworks */ = {
			isa = PBXFrameworksBuildPhase;
			buildActionMask = 2147483647;
			files = (
			);
			runOnlyForDeploymentPostprocessing = 0;
		};
/* End PBXFrameworksBuildPhase section */

/* Begin PBXGroup section */
		A1D7476D1D86928D00016DFD = {
			isa = PBXGroup;
			children = (
				A1D747781D86928D00016DFD /* ANKeywordDemo */,
				A1D747771D86928D00016DFD /* Products */,
			);
			sourceTree = "<group>";
		};
		A1D747771D86928D00016DFD /* Products */ = {
			isa = PBXGroup;
			children = (
				A1D747761D86928D00016DFD /* ANKeywordDemo.app */,
			);
			name = Products;
			sourceTree = "<group>";
		};
		A1D747781D86928D00016DFD /* ANKeywordDemo */ = {
			isa = PBXGroup;
			children = (
				A1D7479B1D8692D400016DFD /* ViewController */,
				A1D747901D8692D400016DFD /* ANKeyword */,
				A1D747911D8692D400016DFD /* SupportingFiles */,
			);
			path = ANKeywordDemo;
			sourceTree = "<group>";
		};
		A1D747901D8692D400016DFD /* ANKeyword */ = {
			isa = PBXGroup;
			children = (
				A1D747AA1D8693D400016DFD /* ANKeyword.h */,
				A1D747AB1D8693D400016DFD /* ANKeyword.m */,
			);
			path = ANKeyword;
			sourceTree = "<group>";
		};
		A1D747911D8692D400016DFD /* SupportingFiles */ = {
			isa = PBXGroup;
			children = (
				A1D747921D8692D400016DFD /* AppDelegate.h */,
				A1D747931D8692D400016DFD /* AppDelegate.m */,
				A1D747941D8692D400016DFD /* Assets.xcassets */,
				A1D747951D8692D400016DFD /* LaunchScreen.storyboard */,
				A1D747971D8692D400016DFD /* Main.storyboard */,
				A1D747991D8692D400016DFD /* Info.plist */,
				A1D7479A1D8692D400016DFD /* main.m */,
				A1D747A71D86931D00016DFD /* Default-568h@2x.png */,
			);
			path = SupportingFiles;
			sourceTree = "<group>";
		};
		A1D7479B1D8692D400016DFD /* ViewController */ = {
			isa = PBXGroup;
			children = (
				A1D7479C1D8692D400016DFD /* ViewController.h */,
				A1D7479D1D8692D400016DFD /* ViewController.m */,
				A189A4061D86A427005543B1 /* ResultCell.h */,
				A189A4071D86A427005543B1 /* ResultCell.m */,
			);
			path = ViewController;
			sourceTree = "<group>";
		};
/* End PBXGroup section */

/* Begin PBXNativeTarget section */
		A1D747751D86928D00016DFD /* ANKeywordDemo */ = {
			isa = PBXNativeTarget;
			buildConfigurationList = A1D7478D1D86928D00016DFD /* Build configuration list for PBXNativeTarget "ANKeywordDemo" */;
			buildPhases = (
				A1D747721D86928D00016DFD /* Sources */,
				A1D747731D86928D00016DFD /* Frameworks */,
				A1D747741D86928D00016DFD /* Resources */,
			);
			buildRules = (
			);
			dependencies = (
			);
			name = ANKeywordDemo;
			productName = ANKeywordDemo;
			productReference = A1D747761D86928D00016DFD /* ANKeywordDemo.app */;
			productType = "com.apple.product-type.application";
		};
/* End PBXNativeTarget section */

/* Begin PBXProject section */
		A1D7476E1D86928D00016DFD /* Project object */ = {
			isa = PBXProject;
			attributes = {
				LastUpgradeCheck = 0730;
				ORGANIZATIONNAME = andy;
				TargetAttributes = {
					A1D747751D86928D00016DFD = {
						CreatedOnToolsVersion = 7.3.1;
					};
				};
			};
			buildConfigurationList = A1D747711D86928D00016DFD /* Build configuration list for PBXProject "ANKeywordDemo" */;
			compatibilityVersion = "Xcode 3.2";
			developmentRegion = English;
			hasScannedForEncodings = 0;
			knownRegions = (
				en,
				Base,
			);
			mainGroup = A1D7476D1D86928D00016DFD;
			productRefGroup = A1D747771D86928D00016DFD /* Products */;
			projectDirPath = "";
			projectRoot = "";
			targets = (
				A1D747751D86928D00016DFD /* ANKeywordDemo */,
			);
		};
/* End PBXProject section */

/* Begin PBXResourcesBuildPhase section */
		A1D747741D86928D00016DFD /* Resources */ = {
			isa = PBXResourcesBuildPhase;
			buildActionMask = 2147483647;
			files = (
				A1D747A11D8692D400016DFD /* Main.storyboard in Resources */,
				A1D7479F1D8692D400016DFD /* Assets.xcassets in Resources */,
				A1D747A81D86931D00016DFD /* Default-568h@2x.png in Resources */,
				A1D747A01D8692D400016DFD /* LaunchScreen.storyboard in Resources */,
			);
			runOnlyForDeploymentPostprocessing = 0;
		};
/* End PBXResourcesBuildPhase section */

/* Begin PBXSourcesBuildPhase section */
		A1D747721D86928D00016DFD /* Sources */ = {
			isa = PBXSourcesBuildPhase;
			buildActionMask = 2147483647;
			files = (
				A1D747A41D8692D400016DFD /* ViewController.m in Sources */,
				A189A4081D86A427005543B1 /* ResultCell.m in Sources */,
				A1D747A31D8692D400016DFD /* main.m in Sources */,
				A1D747AC1D8693D400016DFD /* ANKeyword.m in Sources */,
				A1D7479E1D8692D400016DFD /* AppDelegate.m in Sources */,
			);
			runOnlyForDeploymentPostprocessing = 0;
		};
/* End PBXSourcesBuildPhase section */

/* Begin PBXVariantGroup section */
		A1D747951D8692D400016DFD /* LaunchScreen.storyboard */ = {
			isa = PBXVariantGroup;
			children = (
				A1D747961D8692D400016DFD /* Base */,
			);
			name = LaunchScreen.storyboard;
			sourceTree = "<group>";
		};
		A1D747971D8692D400016DFD /* Main.storyboard */ = {
			isa = PBXVariantGroup;
			children = (
				A1D747981D8692D400016DFD /* Base */,
			);
			name = Main.storyboard;
			sourceTree = "<group>";
		};
/* End PBXVariantGroup section */

/* Begin XCBuildConfiguration section */
		A1D7478B1D86928D00016DFD /* Debug */ = {
			isa = XCBuildConfiguration;
			buildSettings = {
				ALWAYS_SEARCH_USER_PATHS = NO;
				CLANG_ANALYZER_NONNULL = YES;
				CLANG_CXX_LANGUAGE_STANDARD = "gnu++0x";
				CLANG_CXX_LIBRARY = "libc++";
				CLANG_ENABLE_MODULES = YES;
				CLANG_ENABLE_OBJC_ARC = YES;
				CLANG_WARN_BOOL_CONVERSION = YES;
				CLANG_WARN_CONSTANT_CONVERSION = YES;
				CLANG_WARN_DIRECT_OBJC_ISA_USAGE = YES_ERROR;
				CLANG_WARN_EMPTY_BODY = YES;
				CLANG_WARN_ENUM_CONVERSION = YES;
				CLANG_WARN_INT_CONVERSION = YES;
				CLANG_WARN_OBJC_ROOT_CLASS = YES_ERROR;
				CLANG_WARN_UNREACHABLE_CODE = YES;
				CLANG_WARN__DUPLICATE_METHOD_MATCH = YES;
				"CODE_SIGN_IDENTITY[sdk=iphoneos*]" = "iPhone Developer";
				COPY_PHASE_STRIP = NO;
				DEBUG_INFORMATION_FORMAT = dwarf;
				ENABLE_STRICT_OBJC_MSGSEND = YES;
				ENABLE_TESTABILITY = YES;
				GCC_C_LANGUAGE_STANDARD = gnu99;
				GCC_DYNAMIC_NO_PIC = NO;
				GCC_NO_COMMON_BLOCKS = YES;
				GCC_OPTIMIZATION_LEVEL = 0;
				GCC_PREPROCESSOR_DEFINITIONS = (
					"DEBUG=1",
					"$(inherited)",
				);
				GCC_WARN_64_TO_32_BIT_CONVERSION = YES;
				GCC_WARN_ABOUT_RETURN_TYPE = YES_ERROR;
				GCC_WARN_UNDECLARED_SELECTOR = YES;
				GCC_WARN_UNINITIALIZED_AUTOS = YES_AGGRESSIVE;
				GCC_WARN_UNUSED_FUNCTION = YES;
				GCC_WARN_UNUSED_VARIABLE = YES;
				IPHONEOS_DEPLOYMENT_TARGET = 7.0;
				MTL_ENABLE_DEBUG_INFO = YES;
				ONLY_ACTIVE_ARCH = YES;
				SDKROOT = iphoneos;
			};
			name = Debug;
		};
		A1D7478C1D86928D00016DFD /* Release */ = {
			isa = XCBuildConfiguration;
			buildSettings = {
				ALWAYS_SEARCH_USER_PATHS = NO;
				CLANG_ANALYZER_NONNULL = YES;
				CLANG_CXX_LANGUAGE_STANDARD = "gnu++0x";
				CLANG_CXX_LIBRARY = "libc++";
				CLANG_ENABLE_MODULES = YES;
				CLANG_ENABLE_OBJC_ARC = YES;
				CLANG_WARN_BOOL_CONVERSION = YES;
				CLANG_WARN_CONSTANT_CONVERSION = YES;
				CLANG_WARN_DIRECT_OBJC_ISA_USAGE = YES_ERROR;
				CLANG_WARN_EMPTY_BODY = YES;
				CLANG_WARN_ENUM_CONVERSION = YES;
				CLANG_WARN_INT_CONVERSION = YES;
				CLANG_WARN_OBJC_ROOT_CLASS = YES_ERROR;
				CLANG_WARN_UNREACHABLE_CODE = YES;
				CLANG_WARN__DUPLICATE_METHOD_MATCH = YES;
				"CODE_SIGN_IDENTITY[sdk=iphoneos*]" = "iPhone Developer";
				COPY_PHASE_STRIP = NO;
				DEBUG_INFORMATION_FORMAT = "dwarf-with-dsym";
				ENABLE_NS_ASSERTIONS = NO;
				ENABLE_STRICT_OBJC_MSGSEND = YES;
				GCC_C_LANGUAGE_STANDARD = gnu99;
				GCC_NO_COMMON_BLOCKS = YES;
				GCC_WARN_64_TO_32_BIT_CONVERSION = YES;
				GCC_WARN_ABOUT_RETURN_TYPE = YES_ERROR;
				GCC_WARN_UNDECLARED_SELECTOR = YES;
				GCC_WARN_UNINITIALIZED_AUTOS = YES_AGGRESSIVE;
				GCC_WARN_UNUSED_FUNCTION = YES;
				GCC_WARN_UNUSED_VARIABLE = YES;
				IPHONEOS_DEPLOYMENT_TARGET = 7.0;
				MTL_ENABLE_DEBUG_INFO = NO;
				SDKROOT = iphoneos;
				VALIDATE_PRODUCT = YES;
			};
			name = Release;
		};
		A1D7478E1D86928D00016DFD /* Debug */ = {
			isa = XCBuildConfiguration;
			buildSettings = {
				ASSETCATALOG_COMPILER_APPICON_NAME = AppIcon;
				INFOPLIST_FILE = "$(SRCROOT)/ANKeywordDemo/SupportingFiles/Info.plist";
				IPHONEOS_DEPLOYMENT_TARGET = 7.0;
				LD_RUNPATH_SEARCH_PATHS = "$(inherited) @executable_path/Frameworks";
				PRODUCT_BUNDLE_IDENTIFIER = andy.ANKeywordDemo;
				PRODUCT_NAME = "$(TARGET_NAME)";
			};
			name = Debug;
		};
		A1D7478F1D86928D00016DFD /* Release */ = {
			isa = XCBuildConfiguration;
			buildSettings = {
				ASSETCATALOG_COMPILER_APPICON_NAME = AppIcon;
				INFOPLIST_FILE = "$(SRCROOT)/ANKeywordDemo/SupportingFiles/Info.plist";
				IPHONEOS_DEPLOYMENT_TARGET = 7.0;
				LD_RUNPATH_SEARCH_PATHS = "$(inherited) @executable_path/Frameworks";
				PRODUCT_BUNDLE_IDENTIFIER = andy.ANKeywordDemo;
				PRODUCT_NAME = "$(TARGET_NAME)";
			};
			name = Release;
		};
/* End XCBuildConfiguration section */

/* Begin XCConfigurationList section */
		A1D747711D86928D00016DFD /* Build configuration list for PBXProject "ANKeywordDemo" */ = {
			isa = XCConfigurationList;
			buildConfigurations = (
				A1D7478B1D86928D00016DFD /* Debug */,
				A1D7478C1D86928D00016DFD /* Release */,
			);
			defaultConfigurationIsVisible = 0;
			defaultConfigurationName = Release;
		};
		A1D7478D1D86928D00016DFD /* Build configuration list for PBXNativeTarget "ANKeywordDemo" */ = {
			isa = XCConfigurationList;
			buildConfigurations = (
				A1D7478E1D86928D00016DFD /* Debug */,
				A1D7478F1D86928D00016DFD /* Release */,
			);
			defaultConfigurationIsVisible = 0;
			defaultConfigurationName = Release;
		};
/* End XCConfigurationList section */
	};
	rootObject = A1D7476E1D86928D00016DFD /* Project object */;
}
